
Microsoft Visual Studio Solution File, Format Version 12.00
# Visual Studio Version 17
VisualStudioVersion = 17.5.33530.505
MinimumVisualStudioVersion = 10.0.40219.1
Project("{FAE04EC0-301F-11D3-BF4B-00C04F79EFBC}") = "Exercicio01_Section17", "Exercicio01_Section17\Exercicio01_Section17.csproj", "{A98BBC78-9DBE-42B7-A7F0-40A705DD7D47}"
EndProject
Global
	GlobalSection(SolutionConfigurationPlatforms) = preSolution
		Debug|Any CPU = Debug|Any CPU
		Release|Any CPU = Release|Any CPU
	EndGlobalSection
	GlobalSection(ProjectConfigurationPlatforms) = postSolution
		{A98BBC78-9DBE-42B7-A7F0-40A705DD7D47}.Debug|Any CPU.ActiveCfg = Debug|Any CPU
		{A98BBC78-9DBE-42B7-A7F0-40A705DD7D47}.Debug|Any CPU.Build.0 = Debug|Any CPU
		{A98BBC78-9DBE-42B7-A7F0-40A705DD7D47}.Release|Any CPU.ActiveCfg = Release|Any CPU
		{A98BBC78-9DBE-42B7-A7F0-40A705DD7D47}.Release|Any CPU.Build.0 = Release|Any CPU
	EndGlobalSection
	GlobalSection(SolutionProperties) = preSolution
		HideSolutionNode = FALSE
	EndGlobalSection
	GlobalSection(ExtensibilityGlobals) = postSolution
		SolutionGuid = {325E0C96-E352-4C79-85FE-38B50908C7D1}
	EndGlobalSection
EndGlobal
